
Microsoft Visual Studio Solution File, Format Version 12.00
# Visual Studio Version 16
VisualStudioVersion = 16.0.31729.503
MinimumVisualStudioVersion = 10.0.40219.1
Project("{FAE04EC0-301F-11D3-BF4B-00C04F79EFBC}") = "TetraScheduler", "TetraScheduler.csproj", "{BA104909-3411-4306-AD2B-1F2C81460C3C}"
EndProject
Global
	GlobalSection(SolutionConfigurationPlatforms) = preSolution
		Debug|Any CPU = Debug|Any CPU
		Release|Any CPU = Release|Any CPU
	EndGlobalSection
	GlobalSection(ProjectConfigurationPlatforms) = postSolution
		{BA104909-3411-4306-AD2B-1F2C81460C3C}.Debug|Any CPU.ActiveCfg = Debug|Any CPU
		{BA104909-3411-4306-AD2B-1F2C81460C3C}.Debug|Any CPU.Build.0 = Debug|Any CPU
		{BA104909-3411-4306-AD2B-1F2C81460C3C}.Release|Any CPU.ActiveCfg = Release|Any CPU
		{BA104909-3411-4306-AD2B-1F2C81460C3C}.Release|Any CPU.Build.0 = Release|Any CPU
	EndGlobalSection
	GlobalSection(SolutionProperties) = preSolution
		HideSolutionNode = FALSE
	EndGlobalSection
	GlobalSection(ExtensibilityGlobals) = postSolution
		SolutionGuid = {6C90A372-C510-4FCD-AE10-815A98FFEB9A}
	EndGlobalSection
EndGlobal
